
Microsoft Visual Studio Solution File, Format Version 12.00
# Visual Studio Version 16
VisualStudioVersion = 16.0.31025.194
MinimumVisualStudioVersion = 10.0.40219.1
Project("{9A19103F-16F7-4668-BE54-9A1E7A4F7556}") = "List", "List\List.csproj", "{F862717D-D918-45E2-BA23-1F93715C9982}"
EndProject
Project("{FAE04EC0-301F-11D3-BF4B-00C04F79EFBC}") = "List.Tests", "List.Tests\List.Tests.csproj", "{FA44BB12-6FEA-4829-B0D1-ED6E584CCB4B}"
EndProject
Global
	GlobalSection(SolutionConfigurationPlatforms) = preSolution
		Debug|Any CPU = Debug|Any CPU
		Release|Any CPU = Release|Any CPU
	EndGlobalSection
	GlobalSection(ProjectConfigurationPlatforms) = postSolution
		{F862717D-D918-45E2-BA23-1F93715C9982}.Debug|Any CPU.ActiveCfg = Debug|Any CPU
		{F862717D-D918-45E2-BA23-1F93715C9982}.Debug|Any CPU.Build.0 = Debug|Any CPU
		{F862717D-D918-45E2-BA23-1F93715C9982}.Release|Any CPU.ActiveCfg = Release|Any CPU
		{F862717D-D918-45E2-BA23-1F93715C9982}.Release|Any CPU.Build.0 = Release|Any CPU
		{FA44BB12-6FEA-4829-B0D1-ED6E584CCB4B}.Debug|Any CPU.ActiveCfg = Debug|Any CPU
		{FA44BB12-6FEA-4829-B0D1-ED6E584CCB4B}.Debug|Any CPU.Build.0 = Debug|Any CPU
		{FA44BB12-6FEA-4829-B0D1-ED6E584CCB4B}.Release|Any CPU.ActiveCfg = Release|Any CPU
		{FA44BB12-6FEA-4829-B0D1-ED6E584CCB4B}.Release|Any CPU.Build.0 = Release|Any CPU
	EndGlobalSection
	GlobalSection(SolutionProperties) = preSolution
		HideSolutionNode = FALSE
	EndGlobalSection
	GlobalSection(ExtensibilityGlobals) = postSolution
		SolutionGuid = {4EABF055-D2C0-49D5-98D6-F6A2AD50E967}
	EndGlobalSection
EndGlobal
